
Microsoft Visual Studio Solution File, Format Version 12.00
# Visual Studio Version 17
VisualStudioVersion = 17.7.34202.233
MinimumVisualStudioVersion = 10.0.40219.1
Project("{FAE04EC0-301F-11D3-BF4B-00C04F79EFBC}") = "hangfire_test", "hangfire_test\hangfire_test.csproj", "{12AAF6C2-32A2-4341-A97A-973F1BD71FCA}"
EndProject
Global
	GlobalSection(SolutionConfigurationPlatforms) = preSolution
		Debug|Any CPU = Debug|Any CPU
		Release|Any CPU = Release|Any CPU
	EndGlobalSection
	GlobalSection(ProjectConfigurationPlatforms) = postSolution
		{12AAF6C2-32A2-4341-A97A-973F1BD71FCA}.Debug|Any CPU.ActiveCfg = Debug|Any CPU
		{12AAF6C2-32A2-4341-A97A-973F1BD71FCA}.Debug|Any CPU.Build.0 = Debug|Any CPU
		{12AAF6C2-32A2-4341-A97A-973F1BD71FCA}.Release|Any CPU.ActiveCfg = Release|Any CPU
		{12AAF6C2-32A2-4341-A97A-973F1BD71FCA}.Release|Any CPU.Build.0 = Release|Any CPU
	EndGlobalSection
	GlobalSection(SolutionProperties) = preSolution
		HideSolutionNode = FALSE
	EndGlobalSection
	GlobalSection(ExtensibilityGlobals) = postSolution
		SolutionGuid = {7B7C85CB-2C39-4CCB-B2BB-DFDEF13142FD}
	EndGlobalSection
EndGlobal
